
Microsoft Visual Studio Solution File, Format Version 12.00
# Visual Studio Version 17
VisualStudioVersion = 17.13.35825.156 d17.13
MinimumVisualStudioVersion = 10.0.40219.1
Project("{FAE04EC0-301F-11D3-BF4B-00C04F79EFBC}") = "BidingManagementSystem", "BidingManagementSystem.csproj", "{1FC1B65E-95F2-4D43-82B9-3967E051037D}"
EndProject
Global
	GlobalSection(SolutionConfigurationPlatforms) = preSolution
		Debug|Any CPU = Debug|Any CPU
		Release|Any CPU = Release|Any CPU
	EndGlobalSection
	GlobalSection(ProjectConfigurationPlatforms) = postSolution
		{1FC1B65E-95F2-4D43-82B9-3967E051037D}.Debug|Any CPU.ActiveCfg = Debug|Any CPU
		{1FC1B65E-95F2-4D43-82B9-3967E051037D}.Debug|Any CPU.Build.0 = Debug|Any CPU
		{1FC1B65E-95F2-4D43-82B9-3967E051037D}.Release|Any CPU.ActiveCfg = Release|Any CPU
		{1FC1B65E-95F2-4D43-82B9-3967E051037D}.Release|Any CPU.Build.0 = Release|Any CPU
	EndGlobalSection
	GlobalSection(SolutionProperties) = preSolution
		HideSolutionNode = FALSE
	EndGlobalSection
	GlobalSection(ExtensibilityGlobals) = postSolution
		SolutionGuid = {A310A79E-185C-4655-9A53-8A1022991F33}
	EndGlobalSection
EndGlobal
